github.com/evilmagics/go-http-benchmark v0.0.0-20250628155722-7918b2f50ebf h1:u/Ysdmcz+CAaYAHVUBgyM5ZXuboWU/f1Pu8rKZ/LR/Y=
github.com/evilmagics/go-http-benchmark v0.0.0-20250628155722-7918b2f50ebf/go.mod h1:pxEoYump37w7+VnTr3tZ5enjCOL/YfMnrz/UUG9GNlo=
github.com/evilmagics/go-http-benchmark v0.0.0-20250629151640-63df945f20d9 h1:0MZ5qR0ePI2efvv7oyVvgsrswQ6/E+3+ZuScnta0Ios=
github.com/evilmagics/go-http-benchmark v0.0.0-20250629151640-63df945f20d9/go.mod h1:pxEoYump37w7+VnTr3tZ5enjCOL/YfMnrz/UUG9GNlo=
